// !$*UTF8*$!
{
	archiveVersion = 1;
	classes = {
	};
	objectVersion = 77;
	objects = {

/* Begin PBXContainerItemProxy section */
		0828D7BB2EA13BB8004EF247 /* PBXContainerItemProxy */ = {
			isa = PBXContainerItemProxy;
			containerPortal = 0828D79C2EA13BB7004EF247 /* Project object */;
			proxyType = 1;
			remoteGlobalIDString = 0828D7A32EA13BB7004EF247;
			remoteInfo = ZestSampleProject;
		};
		0828D7C52EA13BB9004EF247 /* PBXContainerItemProxy */ = {
			isa = PBXContainerItemProxy;
			containerPortal = 0828D79C2EA13BB7004EF247 /* Project object */;
			proxyType = 1;
			remoteGlobalIDString = 0828D7A32EA13BB7004EF247;
			remoteInfo = ZestSampleProject;
		};
/* End PBXContainerItemProxy section */

/* Begin PBXFileReference section */
		0828D7A42EA13BB7004EF247 /* ZestSampleProject.app */ = {isa = PBXFileReference; explicitFileType = wrapper.application; includeInIndex = 0; path = ZestSampleProject.app; sourceTree = BUILT_PRODUCTS_DIR; };
		0828D7BA2EA13BB8004EF247 /* ZestSampleProjectTests.xctest */ = {isa = PBXFileReference; explicitFileType = wrapper.cfbundle; includeInIndex = 0; path = ZestSampleProjectTests.xctest; sourceTree = BUILT_PRODUCTS_DIR; };
		0828D7C42EA13BB9004EF247 /* ZestSampleProjectUITests.xctest */ = {isa = PBXFileReference; explicitFileType = wrapper.cfbundle; includeInIndex = 0; path = ZestSampleProjectUITests.xctest; sourceTree = BUILT_PRODUCTS_DIR; };
/* End PBXFileReference section */

/* Begin PBXFileSystemSynchronizedBuildFileExceptionSet section */
		0828D7CC2EA13BB9004EF247 /* Exceptions for "ZestSampleProject" folder in "ZestSampleProject" target */ = {
			isa = PBXFileSystemSynchronizedBuildFileExceptionSet;
			membershipExceptions = (
				Info.plist,
			);
			target = 0828D7A32EA13BB7004EF247 /* ZestSampleProject */;
		};
/* End PBXFileSystemSynchronizedBuildFileExceptionSet section */

/* Begin PBXFileSystemSynchronizedRootGroup section */
		0828D7A62EA13BB7004EF247 /* ZestSampleProject */ = {
			isa = PBXFileSystemSynchronizedRootGroup;
			exceptions = (
				0828D7CC2EA13BB9004EF247 /* Exceptions for "ZestSampleProject" folder in "ZestSampleProject" target */,
			);
			path = ZestSampleProject;
			sourceTree = "<group>";
		};
		0828D7BD2EA13BB8004EF247 /* ZestSampleProjectTests */ = {
			isa = PBXFileSystemSynchronizedRootGroup;
			path = ZestSampleProjectTests;
			sourceTree = "<group>";
		};
		0828D7C72EA13BB9004EF247 /* ZestSampleProjectUITests */ = {
			isa = PBXFileSystemSynchronizedRootGroup;
			path = ZestSampleProjectUITests;
			sourceTree = "<group>";
		};
/* End PBXFileSystemSynchronizedRootGroup section */

/* Begin PBXFrameworksBuildPhase section */
		0828D7A12EA13BB7004EF247 /* Frameworks */ = {
			isa = PBXFrameworksBuildPhase;
			buildActionMask = 2147483647;
			files = (
			);
			runOnlyForDeploymentPostprocessing = 0;
		};
		0828D7B72EA13BB8004EF247 /* Frameworks */ = {
			isa = PBXFrameworksBuildPhase;
			buildActionMask = 2147483647;
			files = (
			);
			runOnlyForDeploymentPostprocessing = 0;
		};
		0828D7C12EA13BB9004EF247 /* Frameworks */ = {
			isa = PBXFrameworksBuildPhase;
			buildActionMask = 2147483647;
			files = (
			);
			runOnlyForDeploymentPostprocessing = 0;
		};
/* End PBXFrameworksBuildPhase section */

/* Begin PBXGroup section */
		0828D79B2EA13BB7004EF247 = {
			isa = PBXGroup;
			children = (
				0828D7A62EA13BB7004EF247 /* ZestSampleProject */,
				0828D7BD2EA13BB8004EF247 /* ZestSampleProjectTests */,
				0828D7C72EA13BB9004EF247 /* ZestSampleProjectUITests */,
				0828D7A52EA13BB7004EF247 /* Products */,
			);
			sourceTree = "<group>";
		};
		0828D7A52EA13BB7004EF247 /* Products */ = {
			isa = PBXGroup;
			children = (
				0828D7A42EA13BB7004EF247 /* ZestSampleProject.app */,
				0828D7BA2EA13BB8004EF247 /* ZestSampleProjectTests.xctest */,
				0828D7C42EA13BB9004EF247 /* ZestSampleProjectUITests.xctest */,
			);
			name = Products;
			sourceTree = "<group>";
		};
/* End PBXGroup section */

/* Begin PBXNativeTarget section */
		0828D7A32EA13BB7004EF247 /* ZestSampleProject */ = {
			isa = PBXNativeTarget;
			buildConfigurationList = 0828D7CD2EA13BB9004EF247 /* Build configuration list for PBXNativeTarget "ZestSampleProject" */;
			buildPhases = (
				0828D7A02EA13BB7004EF247 /* Sources */,
				0828D7A12EA13BB7004EF247 /* Frameworks */,
				0828D7A22EA13BB7004EF247 /* Resources */,
			);
			buildRules = (
			);
			dependencies = (
			);
			fileSystemSynchronizedGroups = (
				0828D7A62EA13BB7004EF247 /* ZestSampleProject */,
			);
			name = ZestSampleProject;
			packageProductDependencies = (
			);
			productName = ZestSampleProject;
			productReference = 0828D7A42EA13BB7004EF247 /* ZestSampleProject.app */;
			productType = "com.apple.product-type.application";
		};
		0828D7B92EA13BB8004EF247 /* ZestSampleProjectTests */ = {
			isa = PBXNativeTarget;
			buildConfigurationList = 0828D7D22EA13BB9004EF247 /* Build configuration list for PBXNativeTarget "ZestSampleProjectTests" */;
			buildPhases = (
				0828D7B62EA13BB8004EF247 /* Sources */,
				0828D7B72EA13BB8004EF247 /* Frameworks */,
				0828D7B82EA13BB8004EF247 /* Resources */,
			);
			buildRules = (
			);
			dependencies = (
				0828D7BC2EA13BB8004EF247 /* PBXTargetDependency */,
			);
			fileSystemSynchronizedGroups = (
				0828D7BD2EA13BB8004EF247 /* ZestSampleProjectTests */,
			);
			name = ZestSampleProjectTests;
			packageProductDependencies = (
			);
			productName = ZestSampleProjectTests;
			productReference = 0828D7BA2EA13BB8004EF247 /* ZestSampleProjectTests.xctest */;
			productType = "com.apple.product-type.bundle.unit-test";
		};
		0828D7C32EA13BB9004EF247 /* ZestSampleProjectUITests */ = {
			isa = PBXNativeTarget;
			buildConfigurationList = 0828D7D52EA13BB9004EF247 /* Build configuration list for PBXNativeTarget "ZestSampleProjectUITests" */;
			buildPhases = (
				0828D7C02EA13BB9004EF247 /* Sources */,
				0828D7C12EA13BB9004EF247 /* Frameworks */,
				0828D7C22EA13BB9004EF247 /* Resources */,
			);
			buildRules = (
			);
			dependencies = (
				0828D7C62EA13BB9004EF247 /* PBXTargetDependency */,
			);
			fileSystemSynchronizedGroups = (
				0828D7C72EA13BB9004EF247 /* ZestSampleProjectUITests */,
			);
			name = ZestSampleProjectUITests;
			packageProductDependencies = (
			);
			productName = ZestSampleProjectUITests;
			productReference = 0828D7C42EA13BB9004EF247 /* ZestSampleProjectUITests.xctest */;
			productType = "com.apple.product-type.bundle.ui-testing";
		};
/* End PBXNativeTarget section */

/* Begin PBXProject section */
		0828D79C2EA13BB7004EF247 /* Project object */ = {
			isa = PBXProject;
			attributes = {
				BuildIndependentTargetsInParallel = 1;
				LastSwiftUpdateCheck = 2600;
				LastUpgradeCheck = 2600;
				TargetAttributes = {
					0828D7A32EA13BB7004EF247 = {
						CreatedOnToolsVersion = 26.0.1;
					};
					0828D7B92EA13BB8004EF247 = {
						CreatedOnToolsVersion = 26.0.1;
						TestTargetID = 0828D7A32EA13BB7004EF247;
					};
					0828D7C32EA13BB9004EF247 = {
						CreatedOnToolsVersion = 26.0.1;
						TestTargetID = 0828D7A32EA13BB7004EF247;
					};
				};
			};
			buildConfigurationList = 0828D79F2EA13BB7004EF247 /* Build configuration list for PBXProject "ZestSampleProject" */;
			developmentRegion = en;
			hasScannedForEncodings = 0;
			knownRegions = (
				en,
				Base,
			);
			mainGroup = 0828D79B2EA13BB7004EF247;
			minimizedProjectReferenceProxies = 1;
			preferredProjectObjectVersion = 77;
			productRefGroup = 0828D7A52EA13BB7004EF247 /* Products */;
			projectDirPath = "";
			projectRoot = "";
			targets = (
				0828D7A32EA13BB7004EF247 /* ZestSampleProject */,
				0828D7B92EA13BB8004EF247 /* ZestSampleProjectTests */,
				0828D7C32EA13BB9004EF247 /* ZestSampleProjectUITests */,
			);
		};
/* End PBXProject section */

/* Begin PBXResourcesBuildPhase section */
		0828D7A22EA13BB7004EF247 /* Resources */ = {
			isa = PBXResourcesBuildPhase;
			buildActionMask = 2147483647;
			files = (
			);
			runOnlyForDeploymentPostprocessing = 0;
		};
		0828D7B82EA13BB8004EF247 /* Resources */ = {
			isa = PBXResourcesBuildPhase;
			buildActionMask = 2147483647;
			files = (
			);
			runOnlyForDeploymentPostprocessing = 0;
		};
		0828D7C22EA13BB9004EF247 /* Resources */ = {
			isa = PBXResourcesBuildPhase;
			buildActionMask = 2147483647;
			files = (
			);
			runOnlyForDeploymentPostprocessing = 0;
		};
/* End PBXResourcesBuildPhase section */

/* Begin PBXSourcesBuildPhase section */
		0828D7A02EA13BB7004EF247 /* Sources */ = {
			isa = PBXSourcesBuildPhase;
			buildActionMask = 2147483647;
			files = (
			);
			runOnlyForDeploymentPostprocessing = 0;
		};
		0828D7B62EA13BB8004EF247 /* Sources */ = {
			isa = PBXSourcesBuildPhase;
			buildActionMask = 2147483647;
			files = (
			);
			runOnlyForDeploymentPostprocessing = 0;
		};
		0828D7C02EA13BB9004EF247 /* Sources */ = {
			isa = PBXSourcesBuildPhase;
			buildActionMask = 2147483647;
			files = (
			);
			runOnlyForDeploymentPostprocessing = 0;
		};
/* End PBXSourcesBuildPhase section */

/* Begin PBXTargetDependency section */
		0828D7BC2EA13BB8004EF247 /* PBXTargetDependency */ = {
			isa = PBXTargetDependency;
			target = 0828D7A32EA13BB7004EF247 /* ZestSampleProject */;
			targetProxy = 0828D7BB2EA13BB8004EF247 /* PBXContainerItemProxy */;
		};
		0828D7C62EA13BB9004EF247 /* PBXTargetDependency */ = {
			isa = PBXTargetDependency;
			target = 0828D7A32EA13BB7004EF247 /* ZestSampleProject */;
			targetProxy = 0828D7C52EA13BB9004EF247 /* PBXContainerItemProxy */;
		};
/* End PBXTargetDependency section */

/* Begin XCBuildConfiguration section */
		0828D7CE2EA13BB9004EF247 /* Debug */ = {
			isa = XCBuildConfiguration;
			buildSettings = {
				ASSETCATALOG_COMPILER_APPICON_NAME = AppIcon;
				ASSETCATALOG_COMPILER_GLOBAL_ACCENT_COLOR_NAME = AccentColor;
				CODE_SIGN_STYLE = Automatic;
				CURRENT_PROJECT_VERSION = 1;
				DEVELOPMENT_TEAM = ZQC37MYTW6;
				GENERATE_INFOPLIST_FILE = YES;
				INFOPLIST_FILE = ZestSampleProject/Info.plist;
				INFOPLIST_KEY_UIApplicationSupportsIndirectInputEvents = YES;
				INFOPLIST_KEY_UILaunchStoryboardName = LaunchScreen;
				INFOPLIST_KEY_UIMainStoryboardFile = Main;
				INFOPLIST_KEY_UISupportedInterfaceOrientations_iPad = "UIInterfaceOrientationPortrait UIInterfaceOrientationPortraitUpsideDown UIInterfaceOrientationLandscapeLeft UIInterfaceOrientationLandscapeRight";
				INFOPLIST_KEY_UISupportedInterfaceOrientations_iPhone = "UIInterfaceOrientationPortrait UIInterfaceOrientationLandscapeLeft UIInterfaceOrientationLandscapeRight";
				IPHONEOS_DEPLOYMENT_TARGET = 17.6;
				LD_RUNPATH_SEARCH_PATHS = (
					"$(inherited)",
					"@executable_path/Frameworks",
				);
				MARKETING_VERSION = 1.0;
				PRODUCT_BUNDLE_IDENTIFIER = Zest.ZestSampleProject;
				PRODUCT_NAME = "$(TARGET_NAME)";
				STRING_CATALOG_GENERATE_SYMBOLS = YES;
				SWIFT_APPROACHABLE_CONCURRENCY = YES;
				SWIFT_DEFAULT_ACTOR_ISOLATION = MainActor;
				SWIFT_EMIT_LOC_STRINGS = YES;
				SWIFT_UPCOMING_FEATURE_MEMBER_IMPORT_VISIBILITY = YES;
				SWIFT_VERSION = 5.0;
				TARGETED_DEVICE_FAMILY = "1,2";
			};
			name = Debug;
		};
		0828D7CF2EA13BB9004EF247 /* Release */ = {
			isa = XCBuildConfiguration;
			buildSettings = {
				ASSETCATALOG_COMPILER_APPICON_NAME = AppIcon;
				ASSETCATALOG_COMPILER_GLOBAL_ACCENT_COLOR_NAME = AccentColor;
				CODE_SIGN_STYLE = Automatic;
				CURRENT_PROJECT_VERSION = 1;
				DEVELOPMENT_TEAM = ZQC37MYTW6;
				GENERATE_INFOPLIST_FILE = YES;
				INFOPLIST_FILE = ZestSampleProject/Info.plist;
				INFOPLIST_KEY_UIApplicationSupportsIndirectInputEvents = YES;
				INFOPLIST_KEY_UILaunchStoryboardName = LaunchScreen;
				INFOPLIST_KEY_UIMainStoryboardFile = Main;
				INFOPLIST_KEY_UISupportedInterfaceOrientations_iPad = "UIInterfaceOrientationPortrait UIInterfaceOrientationPortraitUpsideDown UIInterfaceOrientationLandscapeLeft UIInterfaceOrientationLandscapeRight";
				INFOPLIST_KEY_UISupportedInterfaceOrientations_iPhone = "UIInterfaceOrientationPortrait UIInterfaceOrientationLandscapeLeft UIInterfaceOrientationLandscapeRight";
				IPHONEOS_DEPLOYMENT_TARGET = 17.6;
				LD_RUNPATH_SEARCH_PATHS = (
					"$(inherited)",
					"@executable_path/Frameworks",
				);
				MARKETING_VERSION = 1.0;
				PRODUCT_BUNDLE_IDENTIFIER = Zest.ZestSampleProject;
				PRODUCT_NAME = "$(TARGET_NAME)";
				STRING_CATALOG_GENERATE_SYMBOLS = YES;
				SWIFT_APPROACHABLE_CONCURRENCY = YES;
				SWIFT_DEFAULT_ACTOR_ISOLATION = MainActor;
				SWIFT_EMIT_LOC_STRINGS = YES;
				SWIFT_UPCOMING_FEATURE_MEMBER_IMPORT_VISIBILITY = YES;
				SWIFT_VERSION = 5.0;
				TARGETED_DEVICE_FAMILY = "1,2";
			};
			name = Release;
		};
		0828D7D02EA13BB9004EF247 /* Debug */ = {
			isa = XCBuildConfiguration;
			buildSettings = {
				ALWAYS_SEARCH_USER_PATHS = NO;
				ASSETCATALOG_COMPILER_GENERATE_SWIFT_ASSET_SYMBOL_EXTENSIONS = YES;
				CLANG_ANALYZER_NONNULL = YES;
				CLANG_ANALYZER_NUMBER_OBJECT_CONVERSION = YES_AGGRESSIVE;
				CLANG_CXX_LANGUAGE_STANDARD = "gnu++20";
				CLANG_ENABLE_MODULES = YES;
				CLANG_ENABLE_OBJC_ARC = YES;
				CLANG_ENABLE_OBJC_WEAK = YES;
				CLANG_WARN_BLOCK_CAPTURE_AUTORELEASING = YES;
				CLANG_WARN_BOOL_CONVERSION = YES;
				CLANG_WARN_COMMA = YES;
				CLANG_WARN_CONSTANT_CONVERSION = YES;
				CLANG_WARN_DEPRECATED_OBJC_IMPLEMENTATIONS = YES;
				CLANG_WARN_DIRECT_OBJC_ISA_USAGE = YES_ERROR;
				CLANG_WARN_DOCUMENTATION_COMMENTS = YES;
				CLANG_WARN_EMPTY_BODY = YES;
				CLANG_WARN_ENUM_CONVERSION = YES;
				CLANG_WARN_INFINITE_RECURSION = YES;
				CLANG_WARN_INT_CONVERSION = YES;
				CLANG_WARN_NON_LITERAL_NULL_CONVERSION = YES;
				CLANG_WARN_OBJC_IMPLICIT_RETAIN_SELF = YES;
				CLANG_WARN_OBJC_LITERAL_CONVERSION = YES;
				CLANG_WARN_OBJC_ROOT_CLASS = YES_ERROR;
				CLANG_WARN_QUOTED_INCLUDE_IN_FRAMEWORK_HEADER = YES;
				CLANG_WARN_RANGE_LOOP_ANALYSIS = YES;
				CLANG_WARN_STRICT_PROTOTYPES = YES;
				CLANG_WARN_SUSPICIOUS_MOVE = YES;
				CLANG_WARN_UNGUARDED_AVAILABILITY = YES_AGGRESSIVE;
				CLANG_WARN_UNREACHABLE_CODE = YES;
				CLANG_WARN__DUPLICATE_METHOD_MATCH = YES;
				COPY_PHASE_STRIP = NO;
				DEBUG_INFORMATION_FORMAT = dwarf;
				DEVELOPMENT_TEAM = ZQC37MYTW6;
				ENABLE_STRICT_OBJC_MSGSEND = YES;
				ENABLE_TESTABILITY = YES;
				ENABLE_USER_SCRIPT_SANDBOXING = YES;
				GCC_C_LANGUAGE_STANDARD = gnu17;
				GCC_DYNAMIC_NO_PIC = NO;
				GCC_NO_COMMON_BLOCKS = YES;
				GCC_OPTIMIZATION_LEVEL = 0;
				GCC_PREPROCESSOR_DEFINITIONS = (
					"DEBUG=1",
					"$(inherited)",
				);
				GCC_WARN_64_TO_32_BIT_CONVERSION = YES;
				GCC_WARN_ABOUT_RETURN_TYPE = YES_ERROR;
				GCC_WARN_UNDECLARED_SELECTOR = YES;
				GCC_WARN_UNINITIALIZED_AUTOS = YES_AGGRESSIVE;
				GCC_WARN_UNUSED_FUNCTION = YES;
				GCC_WARN_UNUSED_VARIABLE = YES;
				IPHONEOS_DEPLOYMENT_TARGET = 26.0;
				LOCALIZATION_PREFERS_STRING_CATALOGS = YES;
				MTL_ENABLE_DEBUG_INFO = INCLUDE_SOURCE;
				MTL_FAST_MATH = YES;
				ONLY_ACTIVE_ARCH = YES;
				SDKROOT = iphoneos;
				SWIFT_ACTIVE_COMPILATION_CONDITIONS = "DEBUG $(inherited)";
				SWIFT_OPTIMIZATION_LEVEL = "-Onone";
			};
			name = Debug;
		};
		0828D7D12EA13BB9004EF247 /* Release */ = {
			isa = XCBuildConfiguration;
			buildSettings = {
				ALWAYS_SEARCH_USER_PATHS = NO;
				ASSETCATALOG_COMPILER_GENERATE_SWIFT_ASSET_SYMBOL_EXTENSIONS = YES;
				CLANG_ANALYZER_NONNULL = YES;
				CLANG_ANALYZER_NUMBER_OBJECT_CONVERSION = YES_AGGRESSIVE;
				CLANG_CXX_LANGUAGE_STANDARD = "gnu++20";
				CLANG_ENABLE_MODULES = YES;
				CLANG_ENABLE_OBJC_ARC = YES;
				CLANG_ENABLE_OBJC_WEAK = YES;
				CLANG_WARN_BLOCK_CAPTURE_AUTORELEASING = YES;
				CLANG_WARN_BOOL_CONVERSION = YES;
				CLANG_WARN_COMMA = YES;
				CLANG_WARN_CONSTANT_CONVERSION = YES;
				CLANG_WARN_DEPRECATED_OBJC_IMPLEMENTATIONS = YES;
				CLANG_WARN_DIRECT_OBJC_ISA_USAGE = YES_ERROR;
				CLANG_WARN_DOCUMENTATION_COMMENTS = YES;
				CLANG_WARN_EMPTY_BODY = YES;
				CLANG_WARN_ENUM_CONVERSION = YES;
				CLANG_WARN_INFINITE_RECURSION = YES;
				CLANG_WARN_INT_CONVERSION = YES;
				CLANG_WARN_NON_LITERAL_NULL_CONVERSION = YES;
				CLANG_WARN_OBJC_IMPLICIT_RETAIN_SELF = YES;
				CLANG_WARN_OBJC_LITERAL_CONVERSION = YES;
				CLANG_WARN_OBJC_ROOT_CLASS = YES_ERROR;
				CLANG_WARN_QUOTED_INCLUDE_IN_FRAMEWORK_HEADER = YES;
				CLANG_WARN_RANGE_LOOP_ANALYSIS = YES;
				CLANG_WARN_STRICT_PROTOTYPES = YES;
				CLANG_WARN_SUSPICIOUS_MOVE = YES;
				CLANG_WARN_UNGUARDED_AVAILABILITY = YES_AGGRESSIVE;
				CLANG_WARN_UNREACHABLE_CODE = YES;
				CLANG_WARN__DUPLICATE_METHOD_MATCH = YES;
				COPY_PHASE_STRIP = NO;
				DEBUG_INFORMATION_FORMAT = "dwarf-with-dsym";
				DEVELOPMENT_TEAM = ZQC37MYTW6;
				ENABLE_NS_ASSERTIONS = NO;
				ENABLE_STRICT_OBJC_MSGSEND = YES;
				ENABLE_USER_SCRIPT_SANDBOXING = YES;
				GCC_C_LANGUAGE_STANDARD = gnu17;
				GCC_NO_COMMON_BLOCKS = YES;
				GCC_WARN_64_TO_32_BIT_CONVERSION = YES;
				GCC_WARN_ABOUT_RETURN_TYPE = YES_ERROR;
				GCC_WARN_UNDECLARED_SELECTOR = YES;
				GCC_WARN_UNINITIALIZED_AUTOS = YES_AGGRESSIVE;
				GCC_WARN_UNUSED_FUNCTION = YES;
				GCC_WARN_UNUSED_VARIABLE = YES;
				IPHONEOS_DEPLOYMENT_TARGET = 26.0;
				LOCALIZATION_PREFERS_STRING_CATALOGS = YES;
				MTL_ENABLE_DEBUG_INFO = NO;
				MTL_FAST_MATH = YES;
				SDKROOT = iphoneos;
				SWIFT_COMPILATION_MODE = wholemodule;
				VALIDATE_PRODUCT = YES;
			};
			name = Release;
		};
		0828D7D32EA13BB9004EF247 /* Debug */ = {
			isa = XCBuildConfiguration;
			buildSettings = {
				BUNDLE_LOADER = "$(TEST_HOST)";
				CODE_SIGN_STYLE = Automatic;
				CURRENT_PROJECT_VERSION = 1;
				DEVELOPMENT_TEAM = ZQC37MYTW6;
				GENERATE_INFOPLIST_FILE = YES;
				IPHONEOS_DEPLOYMENT_TARGET = 26.0;
				MARKETING_VERSION = 1.0;
				PRODUCT_BUNDLE_IDENTIFIER = Zest.ZestSampleProjectTests;
				PRODUCT_NAME = "$(TARGET_NAME)";
				STRING_CATALOG_GENERATE_SYMBOLS = NO;
				SWIFT_APPROACHABLE_CONCURRENCY = YES;
				SWIFT_EMIT_LOC_STRINGS = NO;
				SWIFT_UPCOMING_FEATURE_MEMBER_IMPORT_VISIBILITY = YES;
				SWIFT_VERSION = 5.0;
				TARGETED_DEVICE_FAMILY = "1,2";
				TEST_HOST = "$(BUILT_PRODUCTS_DIR)/ZestSampleProject.app/$(BUNDLE_EXECUTABLE_FOLDER_PATH)/ZestSampleProject";
			};
			name = Debug;
		};
		0828D7D42EA13BB9004EF247 /* Release */ = {
			isa = XCBuildConfiguration;
			buildSettings = {
				BUNDLE_LOADER = "$(TEST_HOST)";
				CODE_SIGN_STYLE = Automatic;
				CURRENT_PROJECT_VERSION = 1;
				DEVELOPMENT_TEAM = ZQC37MYTW6;
				GENERATE_INFOPLIST_FILE = YES;
				IPHONEOS_DEPLOYMENT_TARGET = 26.0;
				MARKETING_VERSION = 1.0;
				PRODUCT_BUNDLE_IDENTIFIER = Zest.ZestSampleProjectTests;
				PRODUCT_NAME = "$(TARGET_NAME)";
				STRING_CATALOG_GENERATE_SYMBOLS = NO;
				SWIFT_APPROACHABLE_CONCURRENCY = YES;
				SWIFT_EMIT_LOC_STRINGS = NO;
				SWIFT_UPCOMING_FEATURE_MEMBER_IMPORT_VISIBILITY = YES;
				SWIFT_VERSION = 5.0;
				TARGETED_DEVICE_FAMILY = "1,2";
				TEST_HOST = "$(BUILT_PRODUCTS_DIR)/ZestSampleProject.app/$(BUNDLE_EXECUTABLE_FOLDER_PATH)/ZestSampleProject";
			};
			name = Release;
		};
		0828D7D62EA13BB9004EF247 /* Debug */ = {
			isa = XCBuildConfiguration;
			buildSettings = {
				CODE_SIGN_STYLE = Automatic;
				CURRENT_PROJECT_VERSION = 1;
				DEVELOPMENT_TEAM = ZQC37MYTW6;
				GENERATE_INFOPLIST_FILE = YES;
				MARKETING_VERSION = 1.0;
				PRODUCT_BUNDLE_IDENTIFIER = Zest.ZestSampleProjectUITests;
				PRODUCT_NAME = "$(TARGET_NAME)";
				STRING_CATALOG_GENERATE_SYMBOLS = NO;
				SWIFT_APPROACHABLE_CONCURRENCY = YES;
				SWIFT_EMIT_LOC_STRINGS = NO;
				SWIFT_UPCOMING_FEATURE_MEMBER_IMPORT_VISIBILITY = YES;
				SWIFT_VERSION = 5.0;
				TARGETED_DEVICE_FAMILY = "1,2";
				TEST_TARGET_NAME = ZestSampleProject;
			};
			name = Debug;
		};
		0828D7D72EA13BB9004EF247 /* Release */ = {
			isa = XCBuildConfiguration;
			buildSettings = {
				CODE_SIGN_STYLE = Automatic;
				CURRENT_PROJECT_VERSION = 1;
				DEVELOPMENT_TEAM = ZQC37MYTW6;
				GENERATE_INFOPLIST_FILE = YES;
				MARKETING_VERSION = 1.0;
				PRODUCT_BUNDLE_IDENTIFIER = Zest.ZestSampleProjectUITests;
				PRODUCT_NAME = "$(TARGET_NAME)";
				STRING_CATALOG_GENERATE_SYMBOLS = NO;
				SWIFT_APPROACHABLE_CONCURRENCY = YES;
				SWIFT_EMIT_LOC_STRINGS = NO;
				SWIFT_UPCOMING_FEATURE_MEMBER_IMPORT_VISIBILITY = YES;
				SWIFT_VERSION = 5.0;
				TARGETED_DEVICE_FAMILY = "1,2";
				TEST_TARGET_NAME = ZestSampleProject;
			};
			name = Release;
		};
/* End XCBuildConfiguration section */

/* Begin XCConfigurationList section */
		0828D79F2EA13BB7004EF247 /* Build configuration list for PBXProject "ZestSampleProject" */ = {
			isa = XCConfigurationList;
			buildConfigurations = (
				0828D7D02EA13BB9004EF247 /* Debug */,
				0828D7D12EA13BB9004EF247 /* Release */,
			);
			defaultConfigurationIsVisible = 0;
			defaultConfigurationName = Release;
		};
		0828D7CD2EA13BB9004EF247 /* Build configuration list for PBXNativeTarget "ZestSampleProject" */ = {
			isa = XCConfigurationList;
			buildConfigurations = (
				0828D7CE2EA13BB9004EF247 /* Debug */,
				0828D7CF2EA13BB9004EF247 /* Release */,
			);
			defaultConfigurationIsVisible = 0;
			defaultConfigurationName = Release;
		};
		0828D7D22EA13BB9004EF247 /* Build configuration list for PBXNativeTarget "ZestSampleProjectTests" */ = {
			isa = XCConfigurationList;
			buildConfigurations = (
				0828D7D32EA13BB9004EF247 /* Debug */,
				0828D7D42EA13BB9004EF247 /* Release */,
			);
			defaultConfigurationIsVisible = 0;
			defaultConfigurationName = Release;
		};
		0828D7D52EA13BB9004EF247 /* Build configuration list for PBXNativeTarget "ZestSampleProjectUITests" */ = {
			isa = XCConfigurationList;
			buildConfigurations = (
				0828D7D62EA13BB9004EF247 /* Debug */,
				0828D7D72EA13BB9004EF247 /* Release */,
			);
			defaultConfigurationIsVisible = 0;
			defaultConfigurationName = Release;
		};
/* End XCConfigurationList section */
	};
	rootObject = 0828D79C2EA13BB7004EF247 /* Project object */;
}
